
Microsoft Visual Studio Solution File, Format Version 12.00
# Visual Studio Version 17
VisualStudioVersion = 17.5.002.0
MinimumVisualStudioVersion = 10.0.40219.1
Project("{9A19103F-16F7-4668-BE54-9A1E7A4F7556}") = "NativeFunctions", "NativeFunctions.csproj", "{7805DBF0-1133-4332-BD88-424F1408B881}"
EndProject
Global
	GlobalSection(SolutionConfigurationPlatforms) = preSolution
		Debug|Any CPU = Debug|Any CPU
		Release|Any CPU = Release|Any CPU
	EndGlobalSection
	GlobalSection(ProjectConfigurationPlatforms) = postSolution
		{7805DBF0-1133-4332-BD88-424F1408B881}.Debug|Any CPU.ActiveCfg = Debug|Any CPU
		{7805DBF0-1133-4332-BD88-424F1408B881}.Debug|Any CPU.Build.0 = Debug|Any CPU
		{7805DBF0-1133-4332-BD88-424F1408B881}.Release|Any CPU.ActiveCfg = Release|Any CPU
		{7805DBF0-1133-4332-BD88-424F1408B881}.Release|Any CPU.Build.0 = Release|Any CPU
	EndGlobalSection
	GlobalSection(SolutionProperties) = preSolution
		HideSolutionNode = FALSE
	EndGlobalSection
	GlobalSection(ExtensibilityGlobals) = postSolution
		SolutionGuid = {24CBA85F-FAD8-4CFC-B685-614A7F8DBD79}
	EndGlobalSection
EndGlobal
